Microsoft Visual Studio Solution File, Format Version 11.00
# Visual C# Express 2010
Project("{FAE04EC0-301F-11D3-BF4B-00C04F79EFBC}") = "Twintail Library", "twin\Twintail Library.csproj", "{1F43686D-EF23-4DDB-AF4B-0F391B5A4AAA}"
	ProjectSection(ProjectDependencies) = postProject
		{A941B03E-81A7-4B6B-934E-A015057C39DA} = {A941B03E-81A7-4B6B-934E-A015057C39DA}
	EndProjectSection
EndProject
Project("{FAE04EC0-301F-11D3-BF4B-00C04F79EFBC}") = "Twintail", "twinie\Twintail.csproj", "{8DE99D5E-FC78-41F6-B489-3E299713A5DB}"
	ProjectSection(ProjectDependencies) = postProject
		{A941B03E-81A7-4B6B-934E-A015057C39DA} = {A941B03E-81A7-4B6B-934E-A015057C39DA}
		{1F43686D-EF23-4DDB-AF4B-0F391B5A4AAA} = {1F43686D-EF23-4DDB-AF4B-0F391B5A4AAA}
		{35EAF87A-5938-4E2C-8C8E-A3342A661B71} = {35EAF87A-5938-4E2C-8C8E-A3342A661B71}
		{2323ABD0-509B-4180-BC31-7BD57053CE86} = {2323ABD0-509B-4180-BC31-7BD57053CE86}
	EndProjectSection
EndProject
Project("{FAE04EC0-301F-11D3-BF4B-00C04F79EFBC}") = "ImageViewerDll", "..\ImageViewer\ImageViewerDll.csproj", "{35EAF87A-5938-4E2C-8C8E-A3342A661B71}"
	ProjectSection(ProjectDependencies) = postProject
		{A941B03E-81A7-4B6B-934E-A015057C39DA} = {A941B03E-81A7-4B6B-934E-A015057C39DA}
	EndProjectSection
EndProject
Project("{FAE04EC0-301F-11D3-BF4B-00C04F79EFBC}") = "CSharpSamples", "..\..\CSharpSamples\CSharpSamples.csproj", "{A941B03E-81A7-4B6B-934E-A015057C39DA}"
EndProject
Project("{FAE04EC0-301F-11D3-BF4B-00C04F79EFBC}") = "RebarDotNet", "..\..\RebarDotNet\RebarDotNet\RebarDotNet.csproj", "{2323ABD0-509B-4180-BC31-7BD57053CE86}"
EndProject
Project("{FAE04EC0-301F-11D3-BF4B-00C04F79EFBC}") = "WindowsUtilities", "..\..\RebarDotNet\WindowsUtilities\WindowsUtilities.csproj", "{A1D7AF7F-6F76-4289-8142-282BCAC53BAC}"
EndProject
Global
	GlobalSection(SolutionConfigurationPlatforms) = preSolution
		Debug|Any CPU = Debug|Any CPU
		Debug|x64 = Debug|x64
		Debug|x86 = Debug|x86
		Release|Any CPU = Release|Any CPU
		Release|x64 = Release|x64
		Release|x86 = Release|x86
	EndGlobalSection
	GlobalSection(ProjectConfigurationPlatforms) = postSolution
		{1F43686D-EF23-4DDB-AF4B-0F391B5A4AAA}.Debug|Any CPU.ActiveCfg = Debug|Any CPU
		{1F43686D-EF23-4DDB-AF4B-0F391B5A4AAA}.Debug|Any CPU.Build.0 = Debug|Any CPU
		{1F43686D-EF23-4DDB-AF4B-0F391B5A4AAA}.Debug|x64.ActiveCfg = Debug|x64
		{1F43686D-EF23-4DDB-AF4B-0F391B5A4AAA}.Debug|x64.Build.0 = Debug|x64
		{1F43686D-EF23-4DDB-AF4B-0F391B5A4AAA}.Debug|x86.ActiveCfg = Debug|Any CPU
		{1F43686D-EF23-4DDB-AF4B-0F391B5A4AAA}.Debug|x86.Build.0 = Debug|Any CPU
		{1F43686D-EF23-4DDB-AF4B-0F391B5A4AAA}.Release|Any CPU.ActiveCfg = Release|Any CPU
		{1F43686D-EF23-4DDB-AF4B-0F391B5A4AAA}.Release|Any CPU.Build.0 = Release|Any CPU
		{1F43686D-EF23-4DDB-AF4B-0F391B5A4AAA}.Release|x64.ActiveCfg = Release|x64
		{1F43686D-EF23-4DDB-AF4B-0F391B5A4AAA}.Release|x64.Build.0 = Release|x64
		{1F43686D-EF23-4DDB-AF4B-0F391B5A4AAA}.Release|x86.ActiveCfg = Release|Any CPU
		{1F43686D-EF23-4DDB-AF4B-0F391B5A4AAA}.Release|x86.Build.0 = Release|Any CPU
		{8DE99D5E-FC78-41F6-B489-3E299713A5DB}.Debug|Any CPU.ActiveCfg = Debug|Any CPU
		{8DE99D5E-FC78-41F6-B489-3E299713A5DB}.Debug|Any CPU.Build.0 = Debug|Any CPU
		{8DE99D5E-FC78-41F6-B489-3E299713A5DB}.Debug|x64.ActiveCfg = Debug|x64
		{8DE99D5E-FC78-41F6-B489-3E299713A5DB}.Debug|x64.Build.0 = Debug|x64
		{8DE99D5E-FC78-41F6-B489-3E299713A5DB}.Debug|x86.ActiveCfg = Debug|Any CPU
		{8DE99D5E-FC78-41F6-B489-3E299713A5DB}.Debug|x86.Build.0 = Debug|Any CPU
		{8DE99D5E-FC78-41F6-B489-3E299713A5DB}.Release|Any CPU.ActiveCfg = Release|Any CPU
		{8DE99D5E-FC78-41F6-B489-3E299713A5DB}.Release|Any CPU.Build.0 = Release|Any CPU
		{8DE99D5E-FC78-41F6-B489-3E299713A5DB}.Release|x64.ActiveCfg = Release|x64
		{8DE99D5E-FC78-41F6-B489-3E299713A5DB}.Release|x64.Build.0 = Release|x64
		{8DE99D5E-FC78-41F6-B489-3E299713A5DB}.Release|x86.ActiveCfg = Release|x86
		{8DE99D5E-FC78-41F6-B489-3E299713A5DB}.Release|x86.Build.0 = Release|x86
		{35EAF87A-5938-4E2C-8C8E-A3342A661B71}.Debug|Any CPU.ActiveCfg = Debug|Any CPU
		{35EAF87A-5938-4E2C-8C8E-A3342A661B71}.Debug|Any CPU.Build.0 = Debug|Any CPU
		{35EAF87A-5938-4E2C-8C8E-A3342A661B71}.Debug|x64.ActiveCfg = Debug|x64
		{35EAF87A-5938-4E2C-8C8E-A3342A661B71}.Debug|x64.Build.0 = Debug|x64
		{35EAF87A-5938-4E2C-8C8E-A3342A661B71}.Debug|x86.ActiveCfg = Debug|Any CPU
		{35EAF87A-5938-4E2C-8C8E-A3342A661B71}.Debug|x86.Build.0 = Debug|Any CPU
		{35EAF87A-5938-4E2C-8C8E-A3342A661B71}.Release|Any CPU.ActiveCfg = Release|Any CPU
		{35EAF87A-5938-4E2C-8C8E-A3342A661B71}.Release|Any CPU.Build.0 = Release|Any CPU
		{35EAF87A-5938-4E2C-8C8E-A3342A661B71}.Release|x64.ActiveCfg = Release|x64
		{35EAF87A-5938-4E2C-8C8E-A3342A661B71}.Release|x64.Build.0 = Release|x64
		{35EAF87A-5938-4E2C-8C8E-A3342A661B71}.Release|x86.ActiveCfg = Release|Any CPU
		{35EAF87A-5938-4E2C-8C8E-A3342A661B71}.Release|x86.Build.0 = Release|Any CPU
		{A941B03E-81A7-4B6B-934E-A015057C39DA}.Debug|Any CPU.ActiveCfg = Debug|Any CPU
		{A941B03E-81A7-4B6B-934E-A015057C39DA}.Debug|Any CPU.Build.0 = Debug|Any CPU
		{A941B03E-81A7-4B6B-934E-A015057C39DA}.Debug|x64.ActiveCfg = Debug|x64
		{A941B03E-81A7-4B6B-934E-A015057C39DA}.Debug|x64.Build.0 = Debug|x64
		{A941B03E-81A7-4B6B-934E-A015057C39DA}.Debug|x86.ActiveCfg = Debug|Any CPU
		{A941B03E-81A7-4B6B-934E-A015057C39DA}.Debug|x86.Build.0 = Debug|Any CPU
		{A941B03E-81A7-4B6B-934E-A015057C39DA}.Release|Any CPU.ActiveCfg = Release|Any CPU
		{A941B03E-81A7-4B6B-934E-A015057C39DA}.Release|Any CPU.Build.0 = Release|Any CPU
		{A941B03E-81A7-4B6B-934E-A015057C39DA}.Release|x64.ActiveCfg = Release|x64
		{A941B03E-81A7-4B6B-934E-A015057C39DA}.Release|x64.Build.0 = Release|x64
		{A941B03E-81A7-4B6B-934E-A015057C39DA}.Release|x86.ActiveCfg = Release|Any CPU
		{A941B03E-81A7-4B6B-934E-A015057C39DA}.Release|x86.Build.0 = Release|Any CPU
		{2323ABD0-509B-4180-BC31-7BD57053CE86}.Debug|Any CPU.ActiveCfg = Debug|Any CPU
		{2323ABD0-509B-4180-BC31-7BD57053CE86}.Debug|Any CPU.Build.0 = Debug|Any CPU
		{2323ABD0-509B-4180-BC31-7BD57053CE86}.Debug|x64.ActiveCfg = Debug|x64
		{2323ABD0-509B-4180-BC31-7BD57053CE86}.Debug|x64.Build.0 = Debug|x64
		{2323ABD0-509B-4180-BC31-7BD57053CE86}.Debug|x86.ActiveCfg = Debug|Any CPU
		{2323ABD0-509B-4180-BC31-7BD57053CE86}.Debug|x86.Build.0 = Debug|Any CPU
		{2323ABD0-509B-4180-BC31-7BD57053CE86}.Release|Any CPU.ActiveCfg = Release|Any CPU
		{2323ABD0-509B-4180-BC31-7BD57053CE86}.Release|Any CPU.Build.0 = Release|Any CPU
		{2323ABD0-509B-4180-BC31-7BD57053CE86}.Release|x64.ActiveCfg = Release|x64
		{2323ABD0-509B-4180-BC31-7BD57053CE86}.Release|x64.Build.0 = Release|x64
		{2323ABD0-509B-4180-BC31-7BD57053CE86}.Release|x86.ActiveCfg = Release|Any CPU
		{2323ABD0-509B-4180-BC31-7BD57053CE86}.Release|x86.Build.0 = Release|Any CPU
		{A1D7AF7F-6F76-4289-8142-282BCAC53BAC}.Debug|Any CPU.ActiveCfg = Debug|Any CPU
		{A1D7AF7F-6F76-4289-8142-282BCAC53BAC}.Debug|Any CPU.Build.0 = Debug|Any CPU
		{A1D7AF7F-6F76-4289-8142-282BCAC53BAC}.Debug|x64.ActiveCfg = Debug|x64
		{A1D7AF7F-6F76-4289-8142-282BCAC53BAC}.Debug|x64.Build.0 = Debug|x64
		{A1D7AF7F-6F76-4289-8142-282BCAC53BAC}.Debug|x86.ActiveCfg = Debug|Any CPU
		{A1D7AF7F-6F76-4289-8142-282BCAC53BAC}.Debug|x86.Build.0 = Debug|Any CPU
		{A1D7AF7F-6F76-4289-8142-282BCAC53BAC}.Release|Any CPU.ActiveCfg = Release|Any CPU
		{A1D7AF7F-6F76-4289-8142-282BCAC53BAC}.Release|Any CPU.Build.0 = Release|Any CPU
		{A1D7AF7F-6F76-4289-8142-282BCAC53BAC}.Release|x64.ActiveCfg = Release|x64
		{A1D7AF7F-6F76-4289-8142-282BCAC53BAC}.Release|x64.Build.0 = Release|x64
		{A1D7AF7F-6F76-4289-8142-282BCAC53BAC}.Release|x86.ActiveCfg = Release|Any CPU
		{A1D7AF7F-6F76-4289-8142-282BCAC53BAC}.Release|x86.Build.0 = Release|Any CPU
	EndGlobalSection
	GlobalSection(SolutionProperties) = preSolution
		HideSolutionNode = FALSE
	EndGlobalSection
EndGlobal
